
Microsoft Visual Studio Solution File, Format Version 12.00
Project("{FAE04EC0-301F-11D3-BF4B-00C04F79EFBC}") = "AvaloniaApplication2", "AvaloniaApplication2\AvaloniaApplication2.csproj", "{39B75EAD-9610-444E-8CE9-DE693611416D}"
EndProject
Global
	GlobalSection(SolutionConfigurationPlatforms) = preSolution
		Debug|Any CPU = Debug|Any CPU
		Release|Any CPU = Release|Any CPU
	EndGlobalSection
	GlobalSection(ProjectConfigurationPlatforms) = postSolution
		{39B75EAD-9610-444E-8CE9-DE693611416D}.Debug|Any CPU.ActiveCfg = Debug|Any CPU
		{39B75EAD-9610-444E-8CE9-DE693611416D}.Debug|Any CPU.Build.0 = Debug|Any CPU
		{39B75EAD-9610-444E-8CE9-DE693611416D}.Release|Any CPU.ActiveCfg = Release|Any CPU
		{39B75EAD-9610-444E-8CE9-DE693611416D}.Release|Any CPU.Build.0 = Release|Any CPU
	EndGlobalSection
EndGlobal
